// !$*UTF8*$!
{archiveVersion = 1; classes = {}; objectVersion = 56; objects = {
C376736A0852797FDD5894B8 = {isa = PBXFileReference; lastKnownFileType = sourcecode.swift; path = "QuickTextMobile/Sources/MobileApp.swift"; sourceTree = SOURCE_ROOT;};
4DD685AA3A231825F4A86FDA = {isa = PBXFileReference; lastKnownFileType = sourcecode.swift; path = "QuickTextMobile/Sources/MobileDictation.swift"; sourceTree = SOURCE_ROOT;};
B7C1D145BBF34BC861DF0249 = {isa = PBXFileReference; lastKnownFileType = sourcecode.swift; path = "QuickTextMobile/Sources/MobileLibrary.swift"; sourceTree = SOURCE_ROOT;};
171C91AFCD9CAE416D151286 = {isa = PBXFileReference; lastKnownFileType = sourcecode.swift; path = "QuickTextMobile/Sources/MobileScreens.swift"; sourceTree = SOURCE_ROOT;};
655CC4B5C3EBF512C015D38A = {isa = PBXFileReference; lastKnownFileType = sourcecode.swift; path = "../mac/QuickTextApp/Sources/QuickTextApp/Models.swift"; sourceTree = SOURCE_ROOT;};
8F4A0726200F51584A5CD5D0 = {isa = PBXFileReference; lastKnownFileType = sourcecode.swift; path = "../mac/QuickTextApp/Sources/QuickTextApp/PhraseVariable.swift"; sourceTree = SOURCE_ROOT;};
983692B1724FD2C2D6A16CE5 = {isa = PBXFileReference; lastKnownFileType = sourcecode.swift; path = "../mac/QuickTextApp/Sources/QuickTextApp/GeminiClient.swift"; sourceTree = SOURCE_ROOT;};
D3D7CD0DB4A0189B9D2BEDC0 = {isa = PBXFileReference; lastKnownFileType = sourcecode.swift; path = "../mac/QuickTextApp/Sources/QuickTextApp/TokenUsage.swift"; sourceTree = SOURCE_ROOT;};
01D555B7BF67A33E9E9C286E = {isa = PBXFileReference; lastKnownFileType = sourcecode.swift; path = "../mac/QuickTextApp/Sources/QuickTextApp/GeminiKeychain.swift"; sourceTree = SOURCE_ROOT;};
A119F1799EA1A16EB0E8FB5A = {isa = PBXFileReference; lastKnownFileType = text.json; path = "QuickTextMobile/Resources/sample-library.json"; sourceTree = SOURCE_ROOT;};
E1C473B28595943B96B0407F = {isa = PBXFileReference; lastKnownFileType = sourcecode.swift; path = "QuickTextMobile/Tests/MobileLibraryTests.swift"; sourceTree = SOURCE_ROOT;};
E2BA7E3E5AD059F1CC0C8266 = {isa = PBXFileReference; lastKnownFileType = sourcecode.swift; path = "QuickTextMobile/UITests/MobileUITests.swift"; sourceTree = SOURCE_ROOT;};
69170DF6420E3E88C3D65170 = {isa = PBXFileReference; lastKnownFileType = text; path = "README.txt"; sourceTree = SOURCE_ROOT;};
AF479B04A2F8208700CC2FE9 = {isa = PBXFileReference; lastKnownFileType = text; path = "package-ipa.sh"; sourceTree = SOURCE_ROOT;};
906B8C1F25FBF4614A874A3A = {isa = PBXFileReference; explicitFileType = wrapper.application; path = QuickTextMobile.app; sourceTree = BUILT_PRODUCTS_DIR;};
0FAABC04465C9FD03B217868 = {isa = PBXFileReference; explicitFileType = wrapper.cfbundle; path = QuickTextMobileTests.xctest; sourceTree = BUILT_PRODUCTS_DIR;};
77D3CCD6EA55CE9CF28724E6 = {isa = PBXFileReference; explicitFileType = wrapper.cfbundle; path = QuickTextMobileUITests.xctest; sourceTree = BUILT_PRODUCTS_DIR;};
FBDC4F23F93125BBEEAE800C = {isa = PBXGroup; name = Products; children = (906B8C1F25FBF4614A874A3A,0FAABC04465C9FD03B217868,77D3CCD6EA55CE9CF28724E6,); sourceTree = "<group>";};
B28B7AF69320201D1CF206EB = {isa = PBXGroup; children = (C376736A0852797FDD5894B8,4DD685AA3A231825F4A86FDA,B7C1D145BBF34BC861DF0249,171C91AFCD9CAE416D151286,655CC4B5C3EBF512C015D38A,8F4A0726200F51584A5CD5D0,983692B1724FD2C2D6A16CE5,D3D7CD0DB4A0189B9D2BEDC0,01D555B7BF67A33E9E9C286E,A119F1799EA1A16EB0E8FB5A,E1C473B28595943B96B0407F,E2BA7E3E5AD059F1CC0C8266,69170DF6420E3E88C3D65170,AF479B04A2F8208700CC2FE9,FBDC4F23F93125BBEEAE800C,); sourceTree = "<group>";};
0D6FAFF3F8FA7F5223F8AE24 = {isa = PBXBuildFile; fileRef = C376736A0852797FDD5894B8;};
E2A6FDD12A62CBEBA5A73F06 = {isa = PBXBuildFile; fileRef = 4DD685AA3A231825F4A86FDA;};
C2B477D42C35437E8CCD5800 = {isa = PBXBuildFile; fileRef = B7C1D145BBF34BC861DF0249;};
FAEF5596AEFE3A82870EF2E2 = {isa = PBXBuildFile; fileRef = 171C91AFCD9CAE416D151286;};
786688DC5B558E9E8F3F2761 = {isa = PBXBuildFile; fileRef = 655CC4B5C3EBF512C015D38A;};
646328BF66F1A5C93A29B02B = {isa = PBXBuildFile; fileRef = 8F4A0726200F51584A5CD5D0;};
0C763CE0349ABB3994FFC1F6 = {isa = PBXBuildFile; fileRef = 983692B1724FD2C2D6A16CE5;};
A7BCC1A7A274B96B9C2EBDFF = {isa = PBXBuildFile; fileRef = D3D7CD0DB4A0189B9D2BEDC0;};
5590A88AF47DD1E48F177FF1 = {isa = PBXBuildFile; fileRef = 01D555B7BF67A33E9E9C286E;};
D329C9396461377623E77612 = {isa = PBXSourcesBuildPhase; buildActionMask = 2147483647; files = (0D6FAFF3F8FA7F5223F8AE24,E2A6FDD12A62CBEBA5A73F06,C2B477D42C35437E8CCD5800,FAEF5596AEFE3A82870EF2E2,786688DC5B558E9E8F3F2761,646328BF66F1A5C93A29B02B,0C763CE0349ABB3994FFC1F6,A7BCC1A7A274B96B9C2EBDFF,5590A88AF47DD1E48F177FF1,); runOnlyForDeploymentPostprocessing = 0;};
D3651A12E3795D8775F28F47 = {isa = PBXBuildFile; fileRef = A119F1799EA1A16EB0E8FB5A;};
34CAAE59973BB41346938E53 = {isa = PBXResourcesBuildPhase; buildActionMask = 2147483647; files = (D3651A12E3795D8775F28F47,); runOnlyForDeploymentPostprocessing = 0;};
128DA0D2394F3EF58D9AB3E8 = {isa = PBXFrameworksBuildPhase; buildActionMask = 2147483647; files = (); runOnlyForDeploymentPostprocessing = 0;};
50FBFF4BF37418EFB829AE1D = {isa = XCBuildConfiguration; name = Debug; buildSettings = {SWIFT_VERSION = "5.0";IPHONEOS_DEPLOYMENT_TARGET = "18.0";SDKROOT = "iphoneos";TARGETED_DEVICE_FAMILY = "1,2";CODE_SIGN_STYLE = "Automatic";GENERATE_INFOPLIST_FILE = "YES";ENABLE_USER_SCRIPT_SANDBOXING = "YES";MARKETING_VERSION = "0.1.0";CURRENT_PROJECT_VERSION = "1";PRODUCT_NAME = "QuickTextMobile";PRODUCT_BUNDLE_IDENTIFIER = "com.weaveryuwono.quicktext.mobile";SWIFT_OPTIMIZATION_LEVEL = "-Onone";INFOPLIST_FILE = "QuickTextMobile/Info.plist";INFOPLIST_KEY_CFBundleDisplayName = "Quick Text";INFOPLIST_KEY_UIFileSharingEnabled = "YES";INFOPLIST_KEY_LSSupportsOpeningDocumentsInPlace = "YES";INFOPLIST_KEY_NSMicrophoneUsageDescription = "Record voice takes for transcription with Gemini.";INFOPLIST_KEY_UIApplicationSceneManifest_Generation = "YES";INFOPLIST_KEY_UILaunchScreen_Generation = "YES";INFOPLIST_KEY_UISupportedInterfaceOrientations = "UIInterfaceOrientationPortrait UIInterfaceOrientationLandscapeLeft UIInterfaceOrientationLandscapeRight";INFOPLIST_KEY_UISupportedInterfaceOrientations_iPad = "UIInterfaceOrientationPortrait UIInterfaceOrientationPortraitUpsideDown UIInterfaceOrientationLandscapeLeft UIInterfaceOrientationLandscapeRight";ENABLE_TESTABILITY = "YES";};};
47160B3E9BA67B4E43796710 = {isa = XCBuildConfiguration; name = Release; buildSettings = {SWIFT_VERSION = "5.0";IPHONEOS_DEPLOYMENT_TARGET = "18.0";SDKROOT = "iphoneos";TARGETED_DEVICE_FAMILY = "1,2";CODE_SIGN_STYLE = "Automatic";GENERATE_INFOPLIST_FILE = "YES";ENABLE_USER_SCRIPT_SANDBOXING = "YES";MARKETING_VERSION = "0.1.0";CURRENT_PROJECT_VERSION = "1";PRODUCT_NAME = "QuickTextMobile";PRODUCT_BUNDLE_IDENTIFIER = "com.weaveryuwono.quicktext.mobile";SWIFT_OPTIMIZATION_LEVEL = "-O";INFOPLIST_FILE = "QuickTextMobile/Info.plist";INFOPLIST_KEY_CFBundleDisplayName = "Quick Text";INFOPLIST_KEY_UIFileSharingEnabled = "YES";INFOPLIST_KEY_LSSupportsOpeningDocumentsInPlace = "YES";INFOPLIST_KEY_NSMicrophoneUsageDescription = "Record voice takes for transcription with Gemini.";INFOPLIST_KEY_UIApplicationSceneManifest_Generation = "YES";INFOPLIST_KEY_UILaunchScreen_Generation = "YES";INFOPLIST_KEY_UISupportedInterfaceOrientations = "UIInterfaceOrientationPortrait UIInterfaceOrientationLandscapeLeft UIInterfaceOrientationLandscapeRight";INFOPLIST_KEY_UISupportedInterfaceOrientations_iPad = "UIInterfaceOrientationPortrait UIInterfaceOrientationPortraitUpsideDown UIInterfaceOrientationLandscapeLeft UIInterfaceOrientationLandscapeRight";ENABLE_TESTABILITY = "YES";};};
A2F008EF62E143023962C1B3 = {isa = XCConfigurationList; buildConfigurations = (50FBFF4BF37418EFB829AE1D,47160B3E9BA67B4E43796710,); defaultConfigurationIsVisible = 0; defaultConfigurationName = Release;};
9C84AF10D871A3351531A007 = {isa = PBXNativeTarget; buildConfigurationList = A2F008EF62E143023962C1B3; buildPhases = (D329C9396461377623E77612,128DA0D2394F3EF58D9AB3E8,34CAAE59973BB41346938E53,); buildRules = (); dependencies = (); name = QuickTextMobile; productName = QuickTextMobile; productReference = 906B8C1F25FBF4614A874A3A; productType = "com.apple.product-type.application";};
C93BF24056C29062CEFCC7C9 = {isa = PBXBuildFile; fileRef = E1C473B28595943B96B0407F;};
15E5AD1F51FE81E222A3AF91 = {isa = PBXSourcesBuildPhase; buildActionMask = 2147483647; files = (C93BF24056C29062CEFCC7C9,); runOnlyForDeploymentPostprocessing = 0;};
433796ED629ADF7717262278 = {isa = PBXBuildFile; fileRef = A119F1799EA1A16EB0E8FB5A;};
1E8DD42CFEC2E71FC81A5D43 = {isa = PBXResourcesBuildPhase; buildActionMask = 2147483647; files = (433796ED629ADF7717262278,); runOnlyForDeploymentPostprocessing = 0;};
4B4EF426E6648F8FA98E7902 = {isa = PBXFrameworksBuildPhase; buildActionMask = 2147483647; files = (); runOnlyForDeploymentPostprocessing = 0;};
CB802D72A4F015B86BA9232A = {isa = XCBuildConfiguration; name = Debug; buildSettings = {SWIFT_VERSION = "5.0";IPHONEOS_DEPLOYMENT_TARGET = "18.0";SDKROOT = "iphoneos";TARGETED_DEVICE_FAMILY = "1,2";CODE_SIGN_STYLE = "Automatic";GENERATE_INFOPLIST_FILE = "YES";ENABLE_USER_SCRIPT_SANDBOXING = "YES";MARKETING_VERSION = "0.1.0";CURRENT_PROJECT_VERSION = "1";PRODUCT_NAME = "QuickTextMobileTests";PRODUCT_BUNDLE_IDENTIFIER = "com.weaveryuwono.quicktext.mobile.tests";SWIFT_OPTIMIZATION_LEVEL = "-Onone";TEST_HOST = "$(BUILT_PRODUCTS_DIR)/QuickTextMobile.app/QuickTextMobile";BUNDLE_LOADER = "$(TEST_HOST)";};};
D00462B3CF2C167B24D894F9 = {isa = XCBuildConfiguration; name = Release; buildSettings = {SWIFT_VERSION = "5.0";IPHONEOS_DEPLOYMENT_TARGET = "18.0";SDKROOT = "iphoneos";TARGETED_DEVICE_FAMILY = "1,2";CODE_SIGN_STYLE = "Automatic";GENERATE_INFOPLIST_FILE = "YES";ENABLE_USER_SCRIPT_SANDBOXING = "YES";MARKETING_VERSION = "0.1.0";CURRENT_PROJECT_VERSION = "1";PRODUCT_NAME = "QuickTextMobileTests";PRODUCT_BUNDLE_IDENTIFIER = "com.weaveryuwono.quicktext.mobile.tests";SWIFT_OPTIMIZATION_LEVEL = "-O";TEST_HOST = "$(BUILT_PRODUCTS_DIR)/QuickTextMobile.app/QuickTextMobile";BUNDLE_LOADER = "$(TEST_HOST)";};};
69AC9A9B23770C50AC8253AC = {isa = XCConfigurationList; buildConfigurations = (CB802D72A4F015B86BA9232A,D00462B3CF2C167B24D894F9,); defaultConfigurationIsVisible = 0; defaultConfigurationName = Release;};
7E4E6D210BEC859EA1BC8B79 = {isa = PBXContainerItemProxy; containerPortal = 98F54143AB4E86B28C3AFEE0; proxyType = 1; remoteGlobalIDString = 9C84AF10D871A3351531A007; remoteInfo = QuickTextMobile;};
1D78ED32683B2FE6A9A4EDB7 = {isa = PBXTargetDependency; target = 9C84AF10D871A3351531A007; targetProxy = 7E4E6D210BEC859EA1BC8B79;};
033881E96B4A4B83AA624EE0 = {isa = PBXNativeTarget; buildConfigurationList = 69AC9A9B23770C50AC8253AC; buildPhases = (15E5AD1F51FE81E222A3AF91,4B4EF426E6648F8FA98E7902,1E8DD42CFEC2E71FC81A5D43,); buildRules = (); dependencies = (1D78ED32683B2FE6A9A4EDB7,); name = QuickTextMobileTests; productName = QuickTextMobileTests; productReference = 0FAABC04465C9FD03B217868; productType = "com.apple.product-type.bundle.unit-test";};
E1E71412552A7DE442735897 = {isa = PBXBuildFile; fileRef = E2BA7E3E5AD059F1CC0C8266;};
5A3C97E6FF930739B4C65C59 = {isa = PBXSourcesBuildPhase; buildActionMask = 2147483647; files = (E1E71412552A7DE442735897,); runOnlyForDeploymentPostprocessing = 0;};
C65996A7A3930F83A23736C8 = {isa = PBXResourcesBuildPhase; buildActionMask = 2147483647; files = (); runOnlyForDeploymentPostprocessing = 0;};
3C7EFA7B852E27B60C6A6D85 = {isa = PBXFrameworksBuildPhase; buildActionMask = 2147483647; files = (); runOnlyForDeploymentPostprocessing = 0;};
C93526B64123A05055305900 = {isa = XCBuildConfiguration; name = Debug; buildSettings = {SWIFT_VERSION = "5.0";IPHONEOS_DEPLOYMENT_TARGET = "18.0";SDKROOT = "iphoneos";TARGETED_DEVICE_FAMILY = "1,2";CODE_SIGN_STYLE = "Automatic";GENERATE_INFOPLIST_FILE = "YES";ENABLE_USER_SCRIPT_SANDBOXING = "YES";MARKETING_VERSION = "0.1.0";CURRENT_PROJECT_VERSION = "1";PRODUCT_NAME = "QuickTextMobileUITests";PRODUCT_BUNDLE_IDENTIFIER = "com.weaveryuwono.quicktext.mobile.uitests";SWIFT_OPTIMIZATION_LEVEL = "-Onone";TEST_TARGET_NAME = "QuickTextMobile";};};
A1214141E6F3935630D22B4F = {isa = XCBuildConfiguration; name = Release; buildSettings = {SWIFT_VERSION = "5.0";IPHONEOS_DEPLOYMENT_TARGET = "18.0";SDKROOT = "iphoneos";TARGETED_DEVICE_FAMILY = "1,2";CODE_SIGN_STYLE = "Automatic";GENERATE_INFOPLIST_FILE = "YES";ENABLE_USER_SCRIPT_SANDBOXING = "YES";MARKETING_VERSION = "0.1.0";CURRENT_PROJECT_VERSION = "1";PRODUCT_NAME = "QuickTextMobileUITests";PRODUCT_BUNDLE_IDENTIFIER = "com.weaveryuwono.quicktext.mobile.uitests";SWIFT_OPTIMIZATION_LEVEL = "-O";TEST_TARGET_NAME = "QuickTextMobile";};};
138505B89884BADE2E2B7E84 = {isa = XCConfigurationList; buildConfigurations = (C93526B64123A05055305900,A1214141E6F3935630D22B4F,); defaultConfigurationIsVisible = 0; defaultConfigurationName = Release;};
BF23393C6EF76BAC730E403C = {isa = PBXContainerItemProxy; containerPortal = 98F54143AB4E86B28C3AFEE0; proxyType = 1; remoteGlobalIDString = 9C84AF10D871A3351531A007; remoteInfo = QuickTextMobile;};
D87AE02053E9206DFA529700 = {isa = PBXTargetDependency; target = 9C84AF10D871A3351531A007; targetProxy = BF23393C6EF76BAC730E403C;};
D4E1D6E62CD11F7E54D68985 = {isa = PBXNativeTarget; buildConfigurationList = 138505B89884BADE2E2B7E84; buildPhases = (5A3C97E6FF930739B4C65C59,3C7EFA7B852E27B60C6A6D85,C65996A7A3930F83A23736C8,); buildRules = (); dependencies = (D87AE02053E9206DFA529700,); name = QuickTextMobileUITests; productName = QuickTextMobileUITests; productReference = 77D3CCD6EA55CE9CF28724E6; productType = "com.apple.product-type.bundle.ui-testing";};
AB52CB08E0FDF02BF6C67C33 = {isa = XCBuildConfiguration; name = Debug; buildSettings = {CLANG_ENABLE_MODULES = YES;};};
5283471FF90C511CFE244FFF = {isa = XCBuildConfiguration; name = Release; buildSettings = {CLANG_ENABLE_MODULES = YES;};};
4BA304E783CFBB9FA6E56552 = {isa = XCConfigurationList; buildConfigurations = (AB52CB08E0FDF02BF6C67C33,5283471FF90C511CFE244FFF,); defaultConfigurationIsVisible = 0; defaultConfigurationName = Release;};
98F54143AB4E86B28C3AFEE0 = {isa = PBXProject; attributes = {BuildIndependentTargetsInParallel = YES; LastUpgradeCheck = 2700;}; buildConfigurationList = 4BA304E783CFBB9FA6E56552; compatibilityVersion = "Xcode 14.0"; developmentRegion = en; hasScannedForEncodings = 0; knownRegions = (en,Base,); mainGroup = B28B7AF69320201D1CF206EB; productRefGroup = FBDC4F23F93125BBEEAE800C; projectDirPath = ""; projectRoot = ""; targets = (9C84AF10D871A3351531A007,033881E96B4A4B83AA624EE0,D4E1D6E62CD11F7E54D68985,);};
}; rootObject = 98F54143AB4E86B28C3AFEE0;}
